[[package]]
name = "libc"
version = "0.2.39"
source = "registry+https://github.com/rust-lang/crates.io-index"

[[package]]
name = "quick-error"
version = "1.2.1"
source = "registry+https://github.com/rust-lang/crates.io-index"

[[package]]
name = "ucx"
version = "0.0.0"
dependencies = [
 "libc 0.2.39 (registry+https://github.com/rust-lang/crates.io-index)",
 "quick-error 1.2.1 (registry+https://github.com/rust-lang/crates.io-index)",
 "ucx-sys 0.0.0",
]

[[package]]
name = "ucx-sys"
version = "0.0.0"
dependencies = [
 "libc 0.2.39 (registry+https://github.com/rust-lang/crates.io-index)",
]

[metadata]
"checksum libc 0.2.39 (registry+https://github.com/rust-lang/crates.io-index)" = "f54263ad99207254cf58b5f701ecb432c717445ea2ee8af387334bdd1a03fdff"
"checksum quick-error 1.2.1 (registry+https://github.com/rust-lang/crates.io-index)" = "eda5fe9b71976e62bc81b781206aaa076401769b2143379d3eb2118388babac4"
